
Microsoft Visual Studio Solution File, Format Version 12.00
# Visual Studio Version 16
VisualStudioVersion = 16.0.31911.196
MinimumVisualStudioVersion = 10.0.40219.1
Project("{9A19103F-16F7-4668-BE54-9A1E7A4F7556}") = "Server", "MQTT_using_MQTTnet\Server.csproj", "{12BB6E99-12AD-486A-8D49-2B245B48C4D5}"
EndProject
Project("{FAE04EC0-301F-11D3-BF4B-00C04F79EFBC}") = "Client", "Client\Client.csproj", "{514F30F0-14A3-4777-92F6-96DEA963459C}"
EndProject
Global
	GlobalSection(SolutionConfigurationPlatforms) = preSolution
		Debug|Any CPU = Debug|Any CPU
		Release|Any CPU = Release|Any CPU
	EndGlobalSection
	GlobalSection(ProjectConfigurationPlatforms) = postSolution
		{12BB6E99-12AD-486A-8D49-2B245B48C4D5}.Debug|Any CPU.ActiveCfg = Debug|Any CPU
		{12BB6E99-12AD-486A-8D49-2B245B48C4D5}.Debug|Any CPU.Build.0 = Debug|Any CPU
		{12BB6E99-12AD-486A-8D49-2B245B48C4D5}.Release|Any CPU.ActiveCfg = Release|Any CPU
		{12BB6E99-12AD-486A-8D49-2B245B48C4D5}.Release|Any CPU.Build.0 = Release|Any CPU
		{514F30F0-14A3-4777-92F6-96DEA963459C}.Debug|Any CPU.ActiveCfg = Debug|Any CPU
		{514F30F0-14A3-4777-92F6-96DEA963459C}.Debug|Any CPU.Build.0 = Debug|Any CPU
		{514F30F0-14A3-4777-92F6-96DEA963459C}.Release|Any CPU.ActiveCfg = Release|Any CPU
		{514F30F0-14A3-4777-92F6-96DEA963459C}.Release|Any CPU.Build.0 = Release|Any CPU
	EndGlobalSection
	GlobalSection(SolutionProperties) = preSolution
		HideSolutionNode = FALSE
	EndGlobalSection
	GlobalSection(ExtensibilityGlobals) = postSolution
		SolutionGuid = {E1D98449-7049-4BB1-89B8-562981A5A73B}
	EndGlobalSection
EndGlobal
